
Microsoft Visual Studio Solution File, Format Version 12.00
# Visual Studio Version 16
VisualStudioVersion = 16.0.30114.105
MinimumVisualStudioVersion = 10.0.40219.1
Project("{8BC9CEB8-8B4A-11D0-8D11-00A0C91BC942}") = "Development of multithreaded applications in OS Window", "Development of multithreaded applications in OS Window\Development of multithreaded applications in OS Window.vcxproj", "{359C0086-A1DD-4AEA-B418-C674E215C647}"
EndProject
Global
	GlobalSection(SolutionConfigurationPlatforms) = preSolution
		Debug|x64 = Debug|x64
		Debug|x86 = Debug|x86
		Release|x64 = Release|x64
		Release|x86 = Release|x86
	EndGlobalSection
	GlobalSection(ProjectConfigurationPlatforms) = postSolution
		{359C0086-A1DD-4AEA-B418-C674E215C647}.Debug|x64.ActiveCfg = Debug|x64
		{359C0086-A1DD-4AEA-B418-C674E215C647}.Debug|x64.Build.0 = Debug|x64
		{359C0086-A1DD-4AEA-B418-C674E215C647}.Debug|x86.ActiveCfg = Debug|Win32
		{359C0086-A1DD-4AEA-B418-C674E215C647}.Debug|x86.Build.0 = Debug|Win32
		{359C0086-A1DD-4AEA-B418-C674E215C647}.Release|x64.ActiveCfg = Release|x64
		{359C0086-A1DD-4AEA-B418-C674E215C647}.Release|x64.Build.0 = Release|x64
		{359C0086-A1DD-4AEA-B418-C674E215C647}.Release|x86.ActiveCfg = Release|Win32
		{359C0086-A1DD-4AEA-B418-C674E215C647}.Release|x86.Build.0 = Release|Win32
	EndGlobalSection
	GlobalSection(SolutionProperties) = preSolution
		HideSolutionNode = FALSE
	EndGlobalSection
	GlobalSection(ExtensibilityGlobals) = postSolution
		SolutionGuid = {7008508E-CF79-4495-A57B-3366639F552C}
	EndGlobalSection
EndGlobal
